
Microsoft Visual Studio Solution File, Format Version 12.00
# Visual Studio Version 17
VisualStudioVersion = 17.14.35821.62 d17.14
MinimumVisualStudioVersion = 10.0.40219.1
Project("{9A19103F-16F7-4668-BE54-9A1E7A4F7556}") = "ChatAlerts", "ChatAlerts\ChatAlerts.csproj", "{61DF713A-A526-41D7-9D89-93959308D513}"
EndProject
Project("{2150E333-8FDC-42A3-9474-1A3956D46DE8}") = "Solution Items", "Solution Items", "{690B2EDB-4B12-49C7-9734-3CB4406A684C}"
	ProjectSection(SolutionItems) = preProject
		.editorconfig = .editorconfig
	EndProjectSection
EndProject
Global
	GlobalSection(SolutionConfigurationPlatforms) = preSolution
		Debug|x64 = Debug|x64
		Release|x64 = Release|x64
	EndGlobalSection
	GlobalSection(ProjectConfigurationPlatforms) = postSolution
		{61DF713A-A526-41D7-9D89-93959308D513}.Debug|x64.ActiveCfg = Debug|x64
		{61DF713A-A526-41D7-9D89-93959308D513}.Debug|x64.Build.0 = Debug|x64
		{61DF713A-A526-41D7-9D89-93959308D513}.Release|x64.ActiveCfg = Release|x64
		{61DF713A-A526-41D7-9D89-93959308D513}.Release|x64.Build.0 = Release|x64
	EndGlobalSection
	GlobalSection(SolutionProperties) = preSolution
		HideSolutionNode = FALSE
	EndGlobalSection
	GlobalSection(ExtensibilityGlobals) = postSolution
		SolutionGuid = {AD252F4A-DBB0-4141-845E-03E5A9A78F36}
	EndGlobalSection
EndGlobal
